
Microsoft Visual Studio Solution File, Format Version 12.00
# Visual Studio 15
VisualStudioVersion = 15.0.28307.1082
MinimumVisualStudioVersion = 10.0.40219.1
Project("{8BC9CEB8-8B4A-11D0-8D11-00A0C91BC942}") = "VisualTest", "VisualTest\VisualTest.vcxproj", "{CCAA9093-D5DE-49BC-B5BB-AA0434DC215D}"
	ProjectSection(ProjectDependencies) = postProject
		{6B88C78E-FE6F-42B1-B6F8-3EA3D2ACF05F} = {6B88C78E-FE6F-42B1-B6F8-3EA3D2ACF05F}
	EndProjectSection
EndProject
Project("{8BC9CEB8-8B4A-11D0-8D11-00A0C91BC942}") = "opencv", "opencv-build-vs\opencv.vcxproj", "{6B88C78E-FE6F-42B1-B6F8-3EA3D2ACF05F}"
EndProject
Project("{8BC9CEB8-8B4A-11D0-8D11-00A0C91BC942}") = "RegressionTest", "RegressionTest\RegressionTest.vcxproj", "{483C901A-6122-43D4-96E3-0D1F34563F22}"
	ProjectSection(ProjectDependencies) = postProject
		{6B88C78E-FE6F-42B1-B6F8-3EA3D2ACF05F} = {6B88C78E-FE6F-42B1-B6F8-3EA3D2ACF05F}
	EndProjectSection
EndProject
Global
	GlobalSection(SolutionConfigurationPlatforms) = preSolution
		Debug|x64 = Debug|x64
		Release|x64 = Release|x64
	EndGlobalSection
	GlobalSection(ProjectConfigurationPlatforms) = postSolution
		{CCAA9093-D5DE-49BC-B5BB-AA0434DC215D}.Debug|x64.ActiveCfg = Debug|x64
		{CCAA9093-D5DE-49BC-B5BB-AA0434DC215D}.Debug|x64.Build.0 = Debug|x64
		{CCAA9093-D5DE-49BC-B5BB-AA0434DC215D}.Release|x64.ActiveCfg = Release|x64
		{CCAA9093-D5DE-49BC-B5BB-AA0434DC215D}.Release|x64.Build.0 = Release|x64
		{6B88C78E-FE6F-42B1-B6F8-3EA3D2ACF05F}.Debug|x64.ActiveCfg = Debug|x64
		{6B88C78E-FE6F-42B1-B6F8-3EA3D2ACF05F}.Debug|x64.Build.0 = Debug|x64
		{6B88C78E-FE6F-42B1-B6F8-3EA3D2ACF05F}.Release|x64.ActiveCfg = Release|x64
		{6B88C78E-FE6F-42B1-B6F8-3EA3D2ACF05F}.Release|x64.Build.0 = Release|x64
		{483C901A-6122-43D4-96E3-0D1F34563F22}.Debug|x64.ActiveCfg = Debug|x64
		{483C901A-6122-43D4-96E3-0D1F34563F22}.Debug|x64.Build.0 = Debug|x64
		{483C901A-6122-43D4-96E3-0D1F34563F22}.Release|x64.ActiveCfg = Release|x64
		{483C901A-6122-43D4-96E3-0D1F34563F22}.Release|x64.Build.0 = Release|x64
	EndGlobalSection
	GlobalSection(SolutionProperties) = preSolution
		HideSolutionNode = FALSE
	EndGlobalSection
	GlobalSection(ExtensibilityGlobals) = postSolution
		SolutionGuid = {7F4AE531-2BC0-4988-BCEE-83E268A43EBF}
	EndGlobalSection
EndGlobal
